// !$*UTF8*$!
{
	archiveVersion = 1;
	classes = {
	};
	objectVersion = 46;
	objects = {

/* Begin PBXBuildFile section */
		310B75371E4088C9008ADF62 /* ManagerDAO.swift in Sources */ = {isa = PBXBuildFile; fileRef = 310B75361E4088C9008ADF62 /* ManagerDAO.swift */; };
		310B753A1E4088E6008ADF62 /* CustomerRealm.swift in Sources */ = {isa = PBXBuildFile; fileRef = 310B75391E4088E6008ADF62 /* CustomerRealm.swift */; };
		310B753C1E40B5B5008ADF62 /* CurrentUserCredentialsRealm.swift in Sources */ = {isa = PBXBuildFile; fileRef = 310B753B1E40B5B5008ADF62 /* CurrentUserCredentialsRealm.swift */; };
		310B75471E414201008ADF62 /* Localizable.strings in Resources */ = {isa = PBXBuildFile; fileRef = 313911761E3BBF1800EDAD40 /* Localizable.strings */; };
		310B754C1E425768008ADF62 /* Cafe.swift in Sources */ = {isa = PBXBuildFile; fileRef = 310B754B1E425768008ADF62 /* Cafe.swift */; };
		310B754F1E428B8F008ADF62 /* User.swift in Sources */ = {isa = PBXBuildFile; fileRef = 310B754E1E428B8F008ADF62 /* User.swift */; };
		310B75511E4387FF008ADF62 /* Utils.swift in Sources */ = {isa = PBXBuildFile; fileRef = 310B75501E4387FF008ADF62 /* Utils.swift */; };
		313532A51E474E8A00BA039C /* ChatVC.swift in Sources */ = {isa = PBXBuildFile; fileRef = 313532A41E474E8A00BA039C /* ChatVC.swift */; };
		313532A81E47519400BA039C /* ChatMainView.swift in Sources */ = {isa = PBXBuildFile; fileRef = 313532A71E47519400BA039C /* ChatMainView.swift */; };
		313532AA1E4752A500BA039C /* ChatInputComponentsView.swift in Sources */ = {isa = PBXBuildFile; fileRef = 313532A91E4752A500BA039C /* ChatInputComponentsView.swift */; };
		313532AE1E48E62B00BA039C /* UIViewController+Extension.swift in Sources */ = {isa = PBXBuildFile; fileRef = 313532AD1E48E62B00BA039C /* UIViewController+Extension.swift */; };
		313532B01E49BEFE00BA039C /* Remote.swift in Sources */ = {isa = PBXBuildFile; fileRef = 313532AF1E49BEFE00BA039C /* Remote.swift */; };
		313532B21E49BFD800BA039C /* RemoteAuth.swift in Sources */ = {isa = PBXBuildFile; fileRef = 313532B11E49BFD800BA039C /* RemoteAuth.swift */; };
		313532B41E49BFED00BA039C /* RemoteCustomer.swift in Sources */ = {isa = PBXBuildFile; fileRef = 313532B31E49BFED00BA039C /* RemoteCustomer.swift */; };
		313532B61E49C64E00BA039C /* RemoteUtils.swift in Sources */ = {isa = PBXBuildFile; fileRef = 313532B51E49C64E00BA039C /* RemoteUtils.swift */; };
		313532B81E49DF1F00BA039C /* RemoteCafe.swift in Sources */ = {isa = PBXBuildFile; fileRef = 313532B71E49DF1F00BA039C /* RemoteCafe.swift */; };
		313532BA1E49E04E00BA039C /* CafeRealm.swift in Sources */ = {isa = PBXBuildFile; fileRef = 313532B91E49E04E00BA039C /* CafeRealm.swift */; };
		313532BC1E49E17300BA039C /* CustomerDAO.swift in Sources */ = {isa = PBXBuildFile; fileRef = 313532BB1E49E17300BA039C /* CustomerDAO.swift */; };
		313532BE1E49E18500BA039C /* CafeDAO.swift in Sources */ = {isa = PBXBuildFile; fileRef = 313532BD1E49E18500BA039C /* CafeDAO.swift */; };
		313532C31E49E7E100BA039C /* CredentialsDAO.swift in Sources */ = {isa = PBXBuildFile; fileRef = 313532C21E49E7E100BA039C /* CredentialsDAO.swift */; };
		313532C51E49EF5B00BA039C /* Customer.swift in Sources */ = {isa = PBXBuildFile; fileRef = 313532C41E49EF5B00BA039C /* Customer.swift */; };
		313911711E3BBC5500EDAD40 /* M13Checkbox+Extensions.swift in Sources */ = {isa = PBXBuildFile; fileRef = 313911701E3BBC5500EDAD40 /* M13Checkbox+Extensions.swift */; };
		3139117A1E3BCC1600EDAD40 /* UIView+Extension.swift in Sources */ = {isa = PBXBuildFile; fileRef = 313911791E3BCC1600EDAD40 /* UIView+Extension.swift */; };
		3139117C1E3E12AA00EDAD40 /* UIAlertAction+Extension.swift in Sources */ = {isa = PBXBuildFile; fileRef = 3139117B1E3E12AA00EDAD40 /* UIAlertAction+Extension.swift */; };
		3139117E1E3E182D00EDAD40 /* ImageVC.swift in Sources */ = {isa = PBXBuildFile; fileRef = 3139117D1E3E182D00EDAD40 /* ImageVC.swift */; };
		313911881E3E190600EDAD40 /* UITraitCollection+MKAdditions.m in Sources */ = {isa = PBXBuildFile; fileRef = 313911871E3E190600EDAD40 /* UITraitCollection+MKAdditions.m */; };
		3139118A1E3E4FC500EDAD40 /* StringsChecker.swift in Sources */ = {isa = PBXBuildFile; fileRef = 313911891E3E4FC500EDAD40 /* StringsChecker.swift */; };
		3139118D1E3F642B00EDAD40 /* Countries.swift in Sources */ = {isa = PBXBuildFile; fileRef = 3139118C1E3F642B00EDAD40 /* Countries.swift */; };
		3139118F1E3F6C5100EDAD40 /* UITextField+Extensions.swift in Sources */ = {isa = PBXBuildFile; fileRef = 3139118E1E3F6C5100EDAD40 /* UITextField+Extensions.swift */; };
		313911911E3F78BB00EDAD40 /* CountriesPickerView.swift in Sources */ = {isa = PBXBuildFile; fileRef = 313911901E3F78BB00EDAD40 /* CountriesPickerView.swift */; };
		315828C81E39EE5400EBD20E /* SignUpView.swift in Sources */ = {isa = PBXBuildFile; fileRef = 315828C71E39EE5400EBD20E /* SignUpView.swift */; };
		315828CA1E39EE5F00EBD20E /* LoginView.swift in Sources */ = {isa = PBXBuildFile; fileRef = 315828C91E39EE5F00EBD20E /* LoginView.swift */; };
		315828CC1E39F17000EBD20E /* SignUpVC.swift in Sources */ = {isa = PBXBuildFile; fileRef = 315828CB1E39F17000EBD20E /* SignUpVC.swift */; };
		315828CE1E39F17D00EBD20E /* LoginVC.swift in Sources */ = {isa = PBXBuildFile; fileRef = 315828CD1E39F17D00EBD20E /* LoginVC.swift */; };
		316B51831E4B1D5E000EF798 /* Constants.swift in Sources */ = {isa = PBXBuildFile; fileRef = 316B51821E4B1D5E000EF798 /* Constants.swift */; };
		319DB38D1E3FAC280036640D /* UserProfileInfoView.swift in Sources */ = {isa = PBXBuildFile; fileRef = 319DB38C1E3FAC280036640D /* UserProfileInfoView.swift */; };
		31DD520A1E38D4B600DB9ABC /* GoogleService-Info.plist in Resources */ = {isa = PBXBuildFile; fileRef = 31DD52091E38D4B600DB9ABC /* GoogleService-Info.plist */; };
		31DD520C1E38D57900DB9ABC /* AuthenticatedUserVC.swift in Sources */ = {isa = PBXBuildFile; fileRef = 31DD520B1E38D57900DB9ABC /* AuthenticatedUserVC.swift */; };
		31DD52131E39028400DB9ABC /* AuthenticatedUserMainView.swift in Sources */ = {isa = PBXBuildFile; fileRef = 31DD52121E39028400DB9ABC /* AuthenticatedUserMainView.swift */; };
		31E58F551E37AD7F00CE4FE1 /* AppDelegate.swift in Sources */ = {isa = PBXBuildFile; fileRef = 31E58F541E37AD7F00CE4FE1 /* AppDelegate.swift */; };
		31E58F5C1E37AD7F00CE4FE1 /* Assets.xcassets in Resources */ = {isa = PBXBuildFile; fileRef = 31E58F5B1E37AD7F00CE4FE1 /* Assets.xcassets */; };
		954B95F16CAEF1827CBBFFE9 /* Pods_CafeTime.framework in Frameworks */ = {isa = PBXBuildFile; fileRef = 1D8D817E0BDFBA2A6E70BA43 /* Pods_CafeTime.framework */; };
/* End PBXBuildFile section */

/* Begin PBXFileReference section */
		1D8D817E0BDFBA2A6E70BA43 /* Pods_CafeTime.framework */ = {isa = PBXFileReference; explicitFileType = wrapper.framework; includeInIndex = 0; path = Pods_CafeTime.framework; sourceTree = BUILT_PRODUCTS_DIR; };
		2B3BEDDD52F16FA96C91297A /* Pods-CafeTime.release.xcconfig */ = {isa = PBXFileReference; includeInIndex = 1; lastKnownFileType = text.xcconfig; name = "Pods-CafeTime.release.xcconfig"; path = "Pods/Target Support Files/Pods-CafeTime/Pods-CafeTime.release.xcconfig"; sourceTree = "<group>"; };
		310B75361E4088C9008ADF62 /* ManagerDAO.swift */ = {isa = PBXFileReference; fileEncoding = 4; lastKnownFileType = sourcecode.swift; path = ManagerDAO.swift; sourceTree = "<group>"; };
		310B75391E4088E6008ADF62 /* CustomerRealm.swift */ = {isa = PBXFileReference; fileEncoding = 4; lastKnownFileType = sourcecode.swift; path = CustomerRealm.swift; sourceTree = "<group>"; };
		310B753B1E40B5B5008ADF62 /* CurrentUserCredentialsRealm.swift */ = {isa = PBXFileReference; fileEncoding = 4; lastKnownFileType = sourcecode.swift; path = CurrentUserCredentialsRealm.swift; sourceTree = "<group>"; };
		310B754B1E425768008ADF62 /* Cafe.swift */ = {isa = PBXFileReference; fileEncoding = 4; lastKnownFileType = sourcecode.swift; path = Cafe.swift; sourceTree = "<group>"; };
		310B754E1E428B8F008ADF62 /* User.swift */ = {isa = PBXFileReference; fileEncoding = 4; lastKnownFileType = sourcecode.swift; path = User.swift; sourceTree = "<group>"; };
		310B75501E4387FF008ADF62 /* Utils.swift */ = {isa = PBXFileReference; fileEncoding = 4; lastKnownFileType = sourcecode.swift; path = Utils.swift; sourceTree = "<group>"; };
		313532A41E474E8A00BA039C /* ChatVC.swift */ = {isa = PBXFileReference; fileEncoding = 4; lastKnownFileType = sourcecode.swift; path = ChatVC.swift; sourceTree = "<group>"; };
		313532A71E47519400BA039C /* ChatMainView.swift */ = {isa = PBXFileReference; fileEncoding = 4; lastKnownFileType = sourcecode.swift; path = ChatMainView.swift; sourceTree = "<group>"; };
		313532A91E4752A500BA039C /* ChatInputComponentsView.swift */ = {isa = PBXFileReference; fileEncoding = 4; lastKnownFileType = sourcecode.swift; path = ChatInputComponentsView.swift; sourceTree = "<group>"; };
		313532AD1E48E62B00BA039C /* UIViewController+Extension.swift */ = {isa = PBXFileReference; fileEncoding = 4; lastKnownFileType = sourcecode.swift; path = "UIViewController+Extension.swift"; sourceTree = "<group>"; };
		313532AF1E49BEFE00BA039C /* Remote.swift */ = {isa = PBXFileReference; fileEncoding = 4; lastKnownFileType = sourcecode.swift; path = Remote.swift; sourceTree = "<group>"; };
		313532B11E49BFD800BA039C /* RemoteAuth.swift */ = {isa = PBXFileReference; fileEncoding = 4; lastKnownFileType = sourcecode.swift; path = RemoteAuth.swift; sourceTree = "<group>"; };
		313532B31E49BFED00BA039C /* RemoteCustomer.swift */ = {isa = PBXFileReference; fileEncoding = 4; lastKnownFileType = sourcecode.swift; path = RemoteCustomer.swift; sourceTree = "<group>"; };
		313532B51E49C64E00BA039C /* RemoteUtils.swift */ = {isa = PBXFileReference; fileEncoding = 4; lastKnownFileType = sourcecode.swift; path = RemoteUtils.swift; sourceTree = "<group>"; };
		313532B71E49DF1F00BA039C /* RemoteCafe.swift */ = {isa = PBXFileReference; fileEncoding = 4; lastKnownFileType = sourcecode.swift; path = RemoteCafe.swift; sourceTree = "<group>"; };
		313532B91E49E04E00BA039C /* CafeRealm.swift */ = {isa = PBXFileReference; fileEncoding = 4; lastKnownFileType = sourcecode.swift; path = CafeRealm.swift; sourceTree = "<group>"; };
		313532BB1E49E17300BA039C /* CustomerDAO.swift */ = {isa = PBXFileReference; fileEncoding = 4; lastKnownFileType = sourcecode.swift; path = CustomerDAO.swift; sourceTree = "<group>"; };
		313532BD1E49E18500BA039C /* CafeDAO.swift */ = {isa = PBXFileReference; fileEncoding = 4; lastKnownFileType = sourcecode.swift; path = CafeDAO.swift; sourceTree = "<group>"; };
		313532C21E49E7E100BA039C /* CredentialsDAO.swift */ = {isa = PBXFileReference; fileEncoding = 4; lastKnownFileType = sourcecode.swift; path = CredentialsDAO.swift; sourceTree = "<group>"; };
		313532C41E49EF5B00BA039C /* Customer.swift */ = {isa = PBXFileReference; fileEncoding = 4; lastKnownFileType = sourcecode.swift; path = Customer.swift; sourceTree = "<group>"; };
		313911701E3BBC5500EDAD40 /* M13Checkbox+Extensions.swift */ = {isa = PBXFileReference; fileEncoding = 4; lastKnownFileType = sourcecode.swift; path = "M13Checkbox+Extensions.swift"; sourceTree = "<group>"; };
		313911751E3BBF1800EDAD40 /* Base */ = {isa = PBXFileReference; lastKnownFileType = text.plist.strings; name = Base; path = Base.lproj/Localizable.strings; sourceTree = "<group>"; };
		313911771E3BBF6000EDAD40 /* en */ = {isa = PBXFileReference; lastKnownFileType = text.plist.strings; name = en; path = en.lproj/Localizable.strings; sourceTree = "<group>"; };
		313911791E3BCC1600EDAD40 /* UIView+Extension.swift */ = {isa = PBXFileReference; fileEncoding = 4; lastKnownFileType = sourcecode.swift; path = "UIView+Extension.swift"; sourceTree = "<group>"; };
		3139117B1E3E12AA00EDAD40 /* UIAlertAction+Extension.swift */ = {isa = PBXFileReference; fileEncoding = 4; lastKnownFileType = sourcecode.swift; path = "UIAlertAction+Extension.swift"; sourceTree = "<group>"; };
		3139117D1E3E182D00EDAD40 /* ImageVC.swift */ = {isa = PBXFileReference; fileEncoding = 4; lastKnownFileType = sourcecode.swift; path = ImageVC.swift; sourceTree = "<group>"; };
		313911851E3E190500EDAD40 /* CafeTime-Bridging-Header.h */ = {isa = PBXFileReference; lastKnownFileType = sourcecode.c.h; path = "CafeTime-Bridging-Header.h"; sourceTree = "<group>"; };
		313911861E3E190600EDAD40 /* UITraitCollection+MKAdditions.h */ = {isa = PBXFileReference; fileEncoding = 4; lastKnownFileType = sourcecode.c.h; path = "UITraitCollection+MKAdditions.h"; sourceTree = "<group>"; };
		313911871E3E190600EDAD40 /* UITraitCollection+MKAdditions.m */ = {isa = PBXFileReference; fileEncoding = 4; lastKnownFileType = sourcecode.c.objc; path = "UITraitCollection+MKAdditions.m"; sourceTree = "<group>"; };
		313911891E3E4FC500EDAD40 /* StringsChecker.swift */ = {isa = PBXFileReference; fileEncoding = 4; lastKnownFileType = sourcecode.swift; path = StringsChecker.swift; sourceTree = "<group>"; };
		3139118C1E3F642B00EDAD40 /* Countries.swift */ = {isa = PBXFileReference; fileEncoding = 4; lastKnownFileType = sourcecode.swift; path = Countries.swift; sourceTree = "<group>"; };
		3139118E1E3F6C5100EDAD40 /* UITextField+Extensions.swift */ = {isa = PBXFileReference; fileEncoding = 4; lastKnownFileType = sourcecode.swift; path = "UITextField+Extensions.swift"; sourceTree = "<group>"; };
		313911901E3F78BB00EDAD40 /* CountriesPickerView.swift */ = {isa = PBXFileReference; fileEncoding = 4; lastKnownFileType = sourcecode.swift; path = CountriesPickerView.swift; sourceTree = "<group>"; };
		315828C71E39EE5400EBD20E /* SignUpView.swift */ = {isa = PBXFileReference; fileEncoding = 4; lastKnownFileType = sourcecode.swift; path = SignUpView.swift; sourceTree = "<group>"; };
		315828C91E39EE5F00EBD20E /* LoginView.swift */ = {isa = PBXFileReference; fileEncoding = 4; lastKnownFileType = sourcecode.swift; path = LoginView.swift; sourceTree = "<group>"; };
		315828CB1E39F17000EBD20E /* SignUpVC.swift */ = {isa = PBXFileReference; fileEncoding = 4; lastKnownFileType = sourcecode.swift; path = SignUpVC.swift; sourceTree = "<group>"; };
		315828CD1E39F17D00EBD20E /* LoginVC.swift */ = {isa = PBXFileReference; fileEncoding = 4; lastKnownFileType = sourcecode.swift; path = LoginVC.swift; sourceTree = "<group>"; };
		316B51821E4B1D5E000EF798 /* Constants.swift */ = {isa = PBXFileReference; fileEncoding = 4; lastKnownFileType = sourcecode.swift; path = Constants.swift; sourceTree = "<group>"; };
		319DB38C1E3FAC280036640D /* UserProfileInfoView.swift */ = {isa = PBXFileReference; fileEncoding = 4; lastKnownFileType = sourcecode.swift; path = UserProfileInfoView.swift; sourceTree = "<group>"; };
		31DD52091E38D4B600DB9ABC /* GoogleService-Info.plist */ = {isa = PBXFileReference; fileEncoding = 4; lastKnownFileType = text.plist.xml; path = "GoogleService-Info.plist"; sourceTree = "<group>"; };
		31DD520B1E38D57900DB9ABC /* AuthenticatedUserVC.swift */ = {isa = PBXFileReference; fileEncoding = 4; lastKnownFileType = sourcecode.swift; path = AuthenticatedUserVC.swift; sourceTree = "<group>"; };
		31DD52121E39028400DB9ABC /* AuthenticatedUserMainView.swift */ = {isa = PBXFileReference; fileEncoding = 4; lastKnownFileType = sourcecode.swift; path = AuthenticatedUserMainView.swift; sourceTree = "<group>"; };
		31E58F511E37AD7F00CE4FE1 /* CafeTime.app */ = {isa = PBXFileReference; explicitFileType = wrapper.application; includeInIndex = 0; path = CafeTime.app; sourceTree = BUILT_PRODUCTS_DIR; };
		31E58F541E37AD7F00CE4FE1 /* AppDelegate.swift */ = {isa = PBXFileReference; lastKnownFileType = sourcecode.swift; path = AppDelegate.swift; sourceTree = "<group>"; };
		31E58F5B1E37AD7F00CE4FE1 /* Assets.xcassets */ = {isa = PBXFileReference; lastKnownFileType = folder.assetcatalog; path = Assets.xcassets; sourceTree = "<group>"; };
		31E58F601E37AD7F00CE4FE1 /* Info.plist */ = {isa = PBXFileReference; lastKnownFileType = text.plist.xml; path = Info.plist; sourceTree = "<group>"; };
		EFF040301D71AC265B556F52 /* Pods-CafeTime.debug.xcconfig */ = {isa = PBXFileReference; includeInIndex = 1; lastKnownFileType = text.xcconfig; name = "Pods-CafeTime.debug.xcconfig"; path = "Pods/Target Support Files/Pods-CafeTime/Pods-CafeTime.debug.xcconfig"; sourceTree = "<group>"; };
/* End PBXFileReference section */

/* Begin PBXFrameworksBuildPhase section */
		31E58F4E1E37AD7F00CE4FE1 /* Frameworks */ = {
			isa = PBXFrameworksBuildPhase;
			buildActionMask = 2147483647;
			files = (
				954B95F16CAEF1827CBBFFE9 /* Pods_CafeTime.framework in Frameworks */,
			);
			runOnlyForDeploymentPostprocessing = 0;
		};
/* End PBXFrameworksBuildPhase section */

/* Begin PBXGroup section */
		19CDCBEB1C63386B711E9B26 /* Pods */ = {
			isa = PBXGroup;
			children = (
				EFF040301D71AC265B556F52 /* Pods-CafeTime.debug.xcconfig */,
				2B3BEDDD52F16FA96C91297A /* Pods-CafeTime.release.xcconfig */,
			);
			name = Pods;
			sourceTree = "<group>";
		};
		310B75381E4088CD008ADF62 /* Network + DAO */ = {
			isa = PBXGroup;
			children = (
				313532AF1E49BEFE00BA039C /* Remote.swift */,
				313532B11E49BFD800BA039C /* RemoteAuth.swift */,
				313532B31E49BFED00BA039C /* RemoteCustomer.swift */,
				313532B71E49DF1F00BA039C /* RemoteCafe.swift */,
				313532B51E49C64E00BA039C /* RemoteUtils.swift */,
				310B75481E41FAC5008ADF62 /* Realm */,
			);
			name = "Network + DAO";
			sourceTree = "<group>";
		};
		310B75401E40BD6B008ADF62 /* Views */ = {
			isa = PBXGroup;
			children = (
				31DD52121E39028400DB9ABC /* AuthenticatedUserMainView.swift */,
				319DB38C1E3FAC280036640D /* UserProfileInfoView.swift */,
			);
			name = Views;
			sourceTree = "<group>";
		};
		310B75481E41FAC5008ADF62 /* Realm */ = {
			isa = PBXGroup;
			children = (
				310B75361E4088C9008ADF62 /* ManagerDAO.swift */,
				313532C21E49E7E100BA039C /* CredentialsDAO.swift */,
				313532BB1E49E17300BA039C /* CustomerDAO.swift */,
				313532BD1E49E18500BA039C /* CafeDAO.swift */,
				313532C11E49E3E000BA039C /* Model */,
			);
			name = Realm;
			sourceTree = "<group>";
		};
		310B754D1E4257A9008ADF62 /* Model */ = {
			isa = PBXGroup;
			children = (
				310B754E1E428B8F008ADF62 /* User.swift */,
				313532C41E49EF5B00BA039C /* Customer.swift */,
				310B754B1E425768008ADF62 /* Cafe.swift */,
				3139118C1E3F642B00EDAD40 /* Countries.swift */,
			);
			name = Model;
			sourceTree = "<group>";
		};
		313532A61E474F7700BA039C /* Chat */ = {
			isa = PBXGroup;
			children = (
				313532A41E474E8A00BA039C /* ChatVC.swift */,
				313532A71E47519400BA039C /* ChatMainView.swift */,
				313532A91E4752A500BA039C /* ChatInputComponentsView.swift */,
			);
			name = Chat;
			sourceTree = "<group>";
		};
		313532C11E49E3E000BA039C /* Model */ = {
			isa = PBXGroup;
			children = (
				310B753B1E40B5B5008ADF62 /* CurrentUserCredentialsRealm.swift */,
				310B75391E4088E6008ADF62 /* CustomerRealm.swift */,
				313532B91E49E04E00BA039C /* CafeRealm.swift */,
			);
			name = Model;
			sourceTree = "<group>";
		};
		3139117F1E3E186700EDAD40 /* Helper Classes */ = {
			isa = PBXGroup;
			children = (
				313911841E3E18C900EDAD40 /* Objc Extensions */,
				3139118B1E3EA6E000EDAD40 /* Extensions */,
				3139117D1E3E182D00EDAD40 /* ImageVC.swift */,
				313911891E3E4FC500EDAD40 /* StringsChecker.swift */,
				310B75501E4387FF008ADF62 /* Utils.swift */,
			);
			name = "Helper Classes";
			sourceTree = "<group>";
		};
		313911841E3E18C900EDAD40 /* Objc Extensions */ = {
			isa = PBXGroup;
			children = (
				313911861E3E190600EDAD40 /* UITraitCollection+MKAdditions.h */,
				313911871E3E190600EDAD40 /* UITraitCollection+MKAdditions.m */,
				313911851E3E190500EDAD40 /* CafeTime-Bridging-Header.h */,
			);
			name = "Objc Extensions";
			sourceTree = "<group>";
		};
		3139118B1E3EA6E000EDAD40 /* Extensions */ = {
			isa = PBXGroup;
			children = (
				313911701E3BBC5500EDAD40 /* M13Checkbox+Extensions.swift */,
				313532AD1E48E62B00BA039C /* UIViewController+Extension.swift */,
				3139118E1E3F6C5100EDAD40 /* UITextField+Extensions.swift */,
				313911791E3BCC1600EDAD40 /* UIView+Extension.swift */,
				3139117B1E3E12AA00EDAD40 /* UIAlertAction+Extension.swift */,
			);
			name = Extensions;
			sourceTree = "<group>";
		};
		313911921E3F7B2300EDAD40 /* Reusable Views */ = {
			isa = PBXGroup;
			children = (
				313911901E3F78BB00EDAD40 /* CountriesPickerView.swift */,
			);
			name = "Reusable Views";
			sourceTree = "<group>";
		};
		313911971E3F927100EDAD40 /* VCs */ = {
			isa = PBXGroup;
			children = (
				31DD52081E38B05900DB9ABC /* SignUp + Login */,
				31DD52141E39028900DB9ABC /* Authenticated User */,
				313532A61E474F7700BA039C /* Chat */,
			);
			name = VCs;
			sourceTree = "<group>";
		};
		315828CF1E39F28E00EBD20E /* Sign Up */ = {
			isa = PBXGroup;
			children = (
				315828CB1E39F17000EBD20E /* SignUpVC.swift */,
				315828C71E39EE5400EBD20E /* SignUpView.swift */,
				310B754D1E4257A9008ADF62 /* Model */,
			);
			name = "Sign Up";
			sourceTree = "<group>";
		};
		315828D01E39F29600EBD20E /* Login */ = {
			isa = PBXGroup;
			children = (
				315828CD1E39F17D00EBD20E /* LoginVC.swift */,
				315828C91E39EE5F00EBD20E /* LoginView.swift */,
			);
			name = Login;
			sourceTree = "<group>";
		};
		316B51841E4B1D64000EF798 /* Constants */ = {
			isa = PBXGroup;
			children = (
				316B51821E4B1D5E000EF798 /* Constants.swift */,
			);
			name = Constants;
			sourceTree = "<group>";
		};
		31DD52081E38B05900DB9ABC /* SignUp + Login */ = {
			isa = PBXGroup;
			children = (
				313911921E3F7B2300EDAD40 /* Reusable Views */,
				315828D01E39F29600EBD20E /* Login */,
				315828CF1E39F28E00EBD20E /* Sign Up */,
			);
			name = "SignUp + Login";
			sourceTree = "<group>";
		};
		31DD52141E39028900DB9ABC /* Authenticated User */ = {
			isa = PBXGroup;
			children = (
				31DD520B1E38D57900DB9ABC /* AuthenticatedUserVC.swift */,
				310B75401E40BD6B008ADF62 /* Views */,
			);
			name = "Authenticated User";
			sourceTree = "<group>";
		};
		31E58F481E37AD7F00CE4FE1 = {
			isa = PBXGroup;
			children = (
				31E58F531E37AD7F00CE4FE1 /* CafeTime */,
				31E58F521E37AD7F00CE4FE1 /* Products */,
				19CDCBEB1C63386B711E9B26 /* Pods */,
				B85A4FEA7881EBE67AA51074 /* Frameworks */,
			);
			sourceTree = "<group>";
		};
		31E58F521E37AD7F00CE4FE1 /* Products */ = {
			isa = PBXGroup;
			children = (
				31E58F511E37AD7F00CE4FE1 /* CafeTime.app */,
			);
			name = Products;
			sourceTree = "<group>";
		};
		31E58F531E37AD7F00CE4FE1 /* CafeTime */ = {
			isa = PBXGroup;
			children = (
				3139117F1E3E186700EDAD40 /* Helper Classes */,
				313911971E3F927100EDAD40 /* VCs */,
				316B51841E4B1D64000EF798 /* Constants */,
				310B75381E4088CD008ADF62 /* Network + DAO */,
				31E58F661E37ADE200CE4FE1 /* Supporting Files */,
			);
			path = CafeTime;
			sourceTree = "<group>";
		};
		31E58F661E37ADE200CE4FE1 /* Supporting Files */ = {
			isa = PBXGroup;
			children = (
				31E58F541E37AD7F00CE4FE1 /* AppDelegate.swift */,
				31E58F5B1E37AD7F00CE4FE1 /* Assets.xcassets */,
				313911761E3BBF1800EDAD40 /* Localizable.strings */,
				31E58F601E37AD7F00CE4FE1 /* Info.plist */,
				31DD52091E38D4B600DB9ABC /* GoogleService-Info.plist */,
			);
			name = "Supporting Files";
			sourceTree = "<group>";
		};
		B85A4FEA7881EBE67AA51074 /* Frameworks */ = {
			isa = PBXGroup;
			children = (
				1D8D817E0BDFBA2A6E70BA43 /* Pods_CafeTime.framework */,
			);
			name = Frameworks;
			sourceTree = "<group>";
		};
/* End PBXGroup section */

/* Begin PBXNativeTarget section */
		31E58F501E37AD7F00CE4FE1 /* CafeTime */ = {
			isa = PBXNativeTarget;
			buildConfigurationList = 31E58F631E37AD7F00CE4FE1 /* Build configuration list for PBXNativeTarget "CafeTime" */;
			buildPhases = (
				A48F7BBC229BBFA5E1F9B38A /* [CP] Check Pods Manifest.lock */,
				31E58F4D1E37AD7F00CE4FE1 /* Sources */,
				31E58F4E1E37AD7F00CE4FE1 /* Frameworks */,
				31E58F4F1E37AD7F00CE4FE1 /* Resources */,
				A91FA5F9E3849E67AEE1004A /* [CP] Embed Pods Frameworks */,
				62CF236806BA5CD54A2FA038 /* [CP] Copy Pods Resources */,
			);
			buildRules = (
			);
			dependencies = (
			);
			name = CafeTime;
			productName = CafeTime;
			productReference = 31E58F511E37AD7F00CE4FE1 /* CafeTime.app */;
			productType = "com.apple.product-type.application";
		};
/* End PBXNativeTarget section */

/* Begin PBXProject section */
		31E58F491E37AD7F00CE4FE1 /* Project object */ = {
			isa = PBXProject;
			attributes = {
				LastSwiftUpdateCheck = 0820;
				LastUpgradeCheck = 0820;
				ORGANIZATIONNAME = "Vladysalv Vyshnevksyy";
				TargetAttributes = {
					31E58F501E37AD7F00CE4FE1 = {
						CreatedOnToolsVersion = 8.2.1;
						DevelopmentTeam = 5HYBF2ZF8V;
						LastSwiftMigration = 0820;
						ProvisioningStyle = Automatic;
					};
				};
			};
			buildConfigurationList = 31E58F4C1E37AD7F00CE4FE1 /* Build configuration list for PBXProject "CafeTime" */;
			compatibilityVersion = "Xcode 3.2";
			developmentRegion = English;
			hasScannedForEncodings = 0;
			knownRegions = (
				en,
				Base,
			);
			mainGroup = 31E58F481E37AD7F00CE4FE1;
			productRefGroup = 31E58F521E37AD7F00CE4FE1 /* Products */;
			projectDirPath = "";
			projectRoot = "";
			targets = (
				31E58F501E37AD7F00CE4FE1 /* CafeTime */,
			);
		};
/* End PBXProject section */

/* Begin PBXResourcesBuildPhase section */
		31E58F4F1E37AD7F00CE4FE1 /* Resources */ = {
			isa = PBXResourcesBuildPhase;
			buildActionMask = 2147483647;
			files = (
				31E58F5C1E37AD7F00CE4FE1 /* Assets.xcassets in Resources */,
				310B75471E414201008ADF62 /* Localizable.strings in Resources */,
				31DD520A1E38D4B600DB9ABC /* GoogleService-Info.plist in Resources */,
			);
			runOnlyForDeploymentPostprocessing = 0;
		};
/* End PBXResourcesBuildPhase section */

/* Begin PBXShellScriptBuildPhase section */
		62CF236806BA5CD54A2FA038 /* [CP] Copy Pods Resources */ = {
			isa = PBXShellScriptBuildPhase;
			buildActionMask = 2147483647;
			files = (
			);
			inputPaths = (
			);
			name = "[CP] Copy Pods Resources";
			outputPaths = (
			);
			runOnlyForDeploymentPostprocessing = 0;
			shellPath = /bin/sh;
			shellScript = "\"${SRCROOT}/Pods/Target Support Files/Pods-CafeTime/Pods-CafeTime-resources.sh\"\n";
			showEnvVarsInLog = 0;
		};
		A48F7BBC229BBFA5E1F9B38A /* [CP] Check Pods Manifest.lock */ = {
			isa = PBXShellScriptBuildPhase;
			buildActionMask = 2147483647;
			files = (
			);
			inputPaths = (
			);
			name = "[CP] Check Pods Manifest.lock";
			outputPaths = (
			);
			runOnlyForDeploymentPostprocessing = 0;
			shellPath = /bin/sh;
			shellScript = "diff \"${PODS_ROOT}/../Podfile.lock\" \"${PODS_ROOT}/Manifest.lock\" > /dev/null\nif [ $? != 0 ] ; then\n    # print error to STDERR\n    echo \"error: The sandbox is not in sync with the Podfile.lock. Run 'pod install' or update your CocoaPods installation.\" >&2\n    exit 1\nfi\n";
			showEnvVarsInLog = 0;
		};
		A91FA5F9E3849E67AEE1004A /* [CP] Embed Pods Frameworks */ = {
			isa = PBXShellScriptBuildPhase;
			buildActionMask = 2147483647;
			files = (
			);
			inputPaths = (
			);
			name = "[CP] Embed Pods Frameworks";
			outputPaths = (
			);
			runOnlyForDeploymentPostprocessing = 0;
			shellPath = /bin/sh;
			shellScript = "\"${SRCROOT}/Pods/Target Support Files/Pods-CafeTime/Pods-CafeTime-frameworks.sh\"\n";
			showEnvVarsInLog = 0;
		};
/* End PBXShellScriptBuildPhase section */

/* Begin PBXSourcesBuildPhase section */
		31E58F4D1E37AD7F00CE4FE1 /* Sources */ = {
			isa = PBXSourcesBuildPhase;
			buildActionMask = 2147483647;
			files = (
				313532AE1E48E62B00BA039C /* UIViewController+Extension.swift in Sources */,
				310B754F1E428B8F008ADF62 /* User.swift in Sources */,
				313532BC1E49E17300BA039C /* CustomerDAO.swift in Sources */,
				313532B41E49BFED00BA039C /* RemoteCustomer.swift in Sources */,
				319DB38D1E3FAC280036640D /* UserProfileInfoView.swift in Sources */,
				313532AA1E4752A500BA039C /* ChatInputComponentsView.swift in Sources */,
				315828CC1E39F17000EBD20E /* SignUpVC.swift in Sources */,
				31E58F551E37AD7F00CE4FE1 /* AppDelegate.swift in Sources */,
				3139117E1E3E182D00EDAD40 /* ImageVC.swift in Sources */,
				310B75511E4387FF008ADF62 /* Utils.swift in Sources */,
				313911881E3E190600EDAD40 /* UITraitCollection+MKAdditions.m in Sources */,
				31DD52131E39028400DB9ABC /* AuthenticatedUserMainView.swift in Sources */,
				313532BA1E49E04E00BA039C /* CafeRealm.swift in Sources */,
				313532B01E49BEFE00BA039C /* Remote.swift in Sources */,
				313532A51E474E8A00BA039C /* ChatVC.swift in Sources */,
				315828CA1E39EE5F00EBD20E /* LoginView.swift in Sources */,
				313911911E3F78BB00EDAD40 /* CountriesPickerView.swift in Sources */,
				313532B81E49DF1F00BA039C /* RemoteCafe.swift in Sources */,
				3139117C1E3E12AA00EDAD40 /* UIAlertAction+Extension.swift in Sources */,
				313532A81E47519400BA039C /* ChatMainView.swift in Sources */,
				3139117A1E3BCC1600EDAD40 /* UIView+Extension.swift in Sources */,
				313532B61E49C64E00BA039C /* RemoteUtils.swift in Sources */,
				310B75371E4088C9008ADF62 /* ManagerDAO.swift in Sources */,
				310B753A1E4088E6008ADF62 /* CustomerRealm.swift in Sources */,
				310B753C1E40B5B5008ADF62 /* CurrentUserCredentialsRealm.swift in Sources */,
				313532B21E49BFD800BA039C /* RemoteAuth.swift in Sources */,
				3139118D1E3F642B00EDAD40 /* Countries.swift in Sources */,
				313532BE1E49E18500BA039C /* CafeDAO.swift in Sources */,
				310B754C1E425768008ADF62 /* Cafe.swift in Sources */,
				315828CE1E39F17D00EBD20E /* LoginVC.swift in Sources */,
				315828C81E39EE5400EBD20E /* SignUpView.swift in Sources */,
				316B51831E4B1D5E000EF798 /* Constants.swift in Sources */,
				313911711E3BBC5500EDAD40 /* M13Checkbox+Extensions.swift in Sources */,
				3139118F1E3F6C5100EDAD40 /* UITextField+Extensions.swift in Sources */,
				3139118A1E3E4FC500EDAD40 /* StringsChecker.swift in Sources */,
				313532C51E49EF5B00BA039C /* Customer.swift in Sources */,
				31DD520C1E38D57900DB9ABC /* AuthenticatedUserVC.swift in Sources */,
				313532C31E49E7E100BA039C /* CredentialsDAO.swift in Sources */,
			);
			runOnlyForDeploymentPostprocessing = 0;
		};
/* End PBXSourcesBuildPhase section */

/* Begin PBXVariantGroup section */
		313911761E3BBF1800EDAD40 /* Localizable.strings */ = {
			isa = PBXVariantGroup;
			children = (
				313911751E3BBF1800EDAD40 /* Base */,
				313911771E3BBF6000EDAD40 /* en */,
			);
			name = Localizable.strings;
			sourceTree = "<group>";
		};
/* End PBXVariantGroup section */

/* Begin XCBuildConfiguration section */
		31E58F611E37AD7F00CE4FE1 /* Debug */ = {
			isa = XCBuildConfiguration;
			buildSettings = {
				ALWAYS_SEARCH_USER_PATHS = NO;
				CLANG_ANALYZER_NONNULL = YES;
				CLANG_CXX_LANGUAGE_STANDARD = "gnu++0x";
				CLANG_CXX_LIBRARY = "libc++";
				CLANG_ENABLE_MODULES = YES;
				CLANG_ENABLE_OBJC_ARC = YES;
				CLANG_WARN_BOOL_CONVERSION = YES;
				CLANG_WARN_CONSTANT_CONVERSION = YES;
				CLANG_WARN_DIRECT_OBJC_ISA_USAGE = YES_ERROR;
				CLANG_WARN_DOCUMENTATION_COMMENTS = YES;
				CLANG_WARN_EMPTY_BODY = YES;
				CLANG_WARN_ENUM_CONVERSION = YES;
				CLANG_WARN_INFINITE_RECURSION = YES;
				CLANG_WARN_INT_CONVERSION = YES;
				CLANG_WARN_OBJC_ROOT_CLASS = YES_ERROR;
				CLANG_WARN_SUSPICIOUS_MOVE = YES;
				CLANG_WARN_UNREACHABLE_CODE = YES;
				CLANG_WARN__DUPLICATE_METHOD_MATCH = YES;
				"CODE_SIGN_IDENTITY[sdk=iphoneos*]" = "iPhone Developer";
				COPY_PHASE_STRIP = NO;
				DEBUG_INFORMATION_FORMAT = dwarf;
				ENABLE_STRICT_OBJC_MSGSEND = YES;
				ENABLE_TESTABILITY = YES;
				GCC_C_LANGUAGE_STANDARD = gnu99;
				GCC_DYNAMIC_NO_PIC = NO;
				GCC_NO_COMMON_BLOCKS = YES;
				GCC_OPTIMIZATION_LEVEL = 0;
				GCC_PREPROCESSOR_DEFINITIONS = (
					"DEBUG=1",
					"$(inherited)",
				);
				GCC_WARN_64_TO_32_BIT_CONVERSION = YES;
				GCC_WARN_ABOUT_RETURN_TYPE = YES_ERROR;
				GCC_WARN_UNDECLARED_SELECTOR = YES;
				GCC_WARN_UNINITIALIZED_AUTOS = YES_AGGRESSIVE;
				GCC_WARN_UNUSED_FUNCTION = YES;
				GCC_WARN_UNUSED_VARIABLE = YES;
				IPHONEOS_DEPLOYMENT_TARGET = 10.2;
				MTL_ENABLE_DEBUG_INFO = YES;
				ONLY_ACTIVE_ARCH = YES;
				SDKROOT = iphoneos;
				SWIFT_ACTIVE_COMPILATION_CONDITIONS = DEBUG;
				SWIFT_OPTIMIZATION_LEVEL = "-Onone";
				TARGETED_DEVICE_FAMILY = "1,2";
			};
			name = Debug;
		};
		31E58F621E37AD7F00CE4FE1 /* Release */ = {
			isa = XCBuildConfiguration;
			buildSettings = {
				ALWAYS_SEARCH_USER_PATHS = NO;
				CLANG_ANALYZER_NONNULL = YES;
				CLANG_CXX_LANGUAGE_STANDARD = "gnu++0x";
				CLANG_CXX_LIBRARY = "libc++";
				CLANG_ENABLE_MODULES = YES;
				CLANG_ENABLE_OBJC_ARC = YES;
				CLANG_WARN_BOOL_CONVERSION = YES;
				CLANG_WARN_CONSTANT_CONVERSION = YES;
				CLANG_WARN_DIRECT_OBJC_ISA_USAGE = YES_ERROR;
				CLANG_WARN_DOCUMENTATION_COMMENTS = YES;
				CLANG_WARN_EMPTY_BODY = YES;
				CLANG_WARN_ENUM_CONVERSION = YES;
				CLANG_WARN_INFINITE_RECURSION = YES;
				CLANG_WARN_INT_CONVERSION = YES;
				CLANG_WARN_OBJC_ROOT_CLASS = YES_ERROR;
				CLANG_WARN_SUSPICIOUS_MOVE = YES;
				CLANG_WARN_UNREACHABLE_CODE = YES;
				CLANG_WARN__DUPLICATE_METHOD_MATCH = YES;
				"CODE_SIGN_IDENTITY[sdk=iphoneos*]" = "iPhone Developer";
				COPY_PHASE_STRIP = NO;
				DEBUG_INFORMATION_FORMAT = "dwarf-with-dsym";
				ENABLE_NS_ASSERTIONS = NO;
				ENABLE_STRICT_OBJC_MSGSEND = YES;
				GCC_C_LANGUAGE_STANDARD = gnu99;
				GCC_NO_COMMON_BLOCKS = YES;
				GCC_WARN_64_TO_32_BIT_CONVERSION = YES;
				GCC_WARN_ABOUT_RETURN_TYPE = YES_ERROR;
				GCC_WARN_UNDECLARED_SELECTOR = YES;
				GCC_WARN_UNINITIALIZED_AUTOS = YES_AGGRESSIVE;
				GCC_WARN_UNUSED_FUNCTION = YES;
				GCC_WARN_UNUSED_VARIABLE = YES;
				IPHONEOS_DEPLOYMENT_TARGET = 10.2;
				MTL_ENABLE_DEBUG_INFO = NO;
				SDKROOT = iphoneos;
				SWIFT_OPTIMIZATION_LEVEL = "-Owholemodule";
				TARGETED_DEVICE_FAMILY = "1,2";
				VALIDATE_PRODUCT = YES;
			};
			name = Release;
		};
		31E58F641E37AD7F00CE4FE1 /* Debug */ = {
			isa = XCBuildConfiguration;
			baseConfigurationReference = EFF040301D71AC265B556F52 /* Pods-CafeTime.debug.xcconfig */;
			buildSettings = {
				ALWAYS_EMBED_SWIFT_STANDARD_LIBRARIES = YES;
				ASSETCATALOG_COMPILER_APPICON_NAME = AppIcon;
				CLANG_ENABLE_MODULES = YES;
				DEVELOPMENT_TEAM = 5HYBF2ZF8V;
				INFOPLIST_FILE = CafeTime/Info.plist;
				LD_RUNPATH_SEARCH_PATHS = "$(inherited) @executable_path/Frameworks";
				PRODUCT_BUNDLE_IDENTIFIER = com.VV.CafeTime;
				PRODUCT_NAME = "$(TARGET_NAME)";
				SWIFT_OBJC_BRIDGING_HEADER = "CafeTime/CafeTime-Bridging-Header.h";
				SWIFT_OPTIMIZATION_LEVEL = "-Onone";
				SWIFT_VERSION = 3.0;
			};
			name = Debug;
		};
		31E58F651E37AD7F00CE4FE1 /* Release */ = {
			isa = XCBuildConfiguration;
			baseConfigurationReference = 2B3BEDDD52F16FA96C91297A /* Pods-CafeTime.release.xcconfig */;
			buildSettings = {
				ALWAYS_EMBED_SWIFT_STANDARD_LIBRARIES = YES;
				ASSETCATALOG_COMPILER_APPICON_NAME = AppIcon;
				CLANG_ENABLE_MODULES = YES;
				DEVELOPMENT_TEAM = 5HYBF2ZF8V;
				INFOPLIST_FILE = CafeTime/Info.plist;
				LD_RUNPATH_SEARCH_PATHS = "$(inherited) @executable_path/Frameworks";
				PRODUCT_BUNDLE_IDENTIFIER = com.VV.CafeTime;
				PRODUCT_NAME = "$(TARGET_NAME)";
				SWIFT_OBJC_BRIDGING_HEADER = "CafeTime/CafeTime-Bridging-Header.h";
				SWIFT_VERSION = 3.0;
			};
			name = Release;
		};
/* End XCBuildConfiguration section */

/* Begin XCConfigurationList section */
		31E58F4C1E37AD7F00CE4FE1 /* Build configuration list for PBXProject "CafeTime" */ = {
			isa = XCConfigurationList;
			buildConfigurations = (
				31E58F611E37AD7F00CE4FE1 /* Debug */,
				31E58F621E37AD7F00CE4FE1 /* Release */,
			);
			defaultConfigurationIsVisible = 0;
			defaultConfigurationName = Release;
		};
		31E58F631E37AD7F00CE4FE1 /* Build configuration list for PBXNativeTarget "CafeTime" */ = {
			isa = XCConfigurationList;
			buildConfigurations = (
				31E58F641E37AD7F00CE4FE1 /* Debug */,
				31E58F651E37AD7F00CE4FE1 /* Release */,
			);
			defaultConfigurationIsVisible = 0;
			defaultConfigurationName = Release;
		};
/* End XCConfigurationList section */
	};
	rootObject = 31E58F491E37AD7F00CE4FE1 /* Project object */;
}
