// !$*UTF8*$!
{
	archiveVersion = 1;
	classes = {
	};
	objectVersion = 46;
	objects = {

/* Begin PBXBuildFile section */
		31CC00981E38A03900F68A31 /* LoginAndSignUpVC.swift in Sources */ = {isa = PBXBuildFile; fileRef = 31CC00971E38A03900F68A31 /* LoginAndSignUpVC.swift */; };
		31DD52071E38B05500DB9ABC /* LoginAndSignUpMainView.swift in Sources */ = {isa = PBXBuildFile; fileRef = 31DD52061E38B05500DB9ABC /* LoginAndSignUpMainView.swift */; };
		31DD520A1E38D4B600DB9ABC /* GoogleService-Info.plist in Resources */ = {isa = PBXBuildFile; fileRef = 31DD52091E38D4B600DB9ABC /* GoogleService-Info.plist */; };
		31DD520C1E38D57900DB9ABC /* AuthenticatedUserVC.swift in Sources */ = {isa = PBXBuildFile; fileRef = 31DD520B1E38D57900DB9ABC /* AuthenticatedUserVC.swift */; };
		31DD52131E39028400DB9ABC /* AuthenticatedUserMainView.swift in Sources */ = {isa = PBXBuildFile; fileRef = 31DD52121E39028400DB9ABC /* AuthenticatedUserMainView.swift */; };
		31E58F551E37AD7F00CE4FE1 /* AppDelegate.swift in Sources */ = {isa = PBXBuildFile; fileRef = 31E58F541E37AD7F00CE4FE1 /* AppDelegate.swift */; };
		31E58F5C1E37AD7F00CE4FE1 /* Assets.xcassets in Resources */ = {isa = PBXBuildFile; fileRef = 31E58F5B1E37AD7F00CE4FE1 /* Assets.xcassets */; };
		31E58F5F1E37AD7F00CE4FE1 /* LaunchScreen.storyboard in Resources */ = {isa = PBXBuildFile; fileRef = 31E58F5D1E37AD7F00CE4FE1 /* LaunchScreen.storyboard */; };
		424645EE134AA51B61D0F3FA /* Pods_CafeTime.framework in Frameworks */ = {isa = PBXBuildFile; fileRef = B8671B14F3C79AA070C08630 /* Pods_CafeTime.framework */; };
/* End PBXBuildFile section */

/* Begin PBXFileReference section */
		31CC00971E38A03900F68A31 /* LoginAndSignUpVC.swift */ = {isa = PBXFileReference; fileEncoding = 4; lastKnownFileType = sourcecode.swift; path = LoginAndSignUpVC.swift; sourceTree = "<group>"; };
		31DD52061E38B05500DB9ABC /* LoginAndSignUpMainView.swift */ = {isa = PBXFileReference; fileEncoding = 4; lastKnownFileType = sourcecode.swift; path = LoginAndSignUpMainView.swift; sourceTree = "<group>"; };
		31DD52091E38D4B600DB9ABC /* GoogleService-Info.plist */ = {isa = PBXFileReference; fileEncoding = 4; lastKnownFileType = text.plist.xml; path = "GoogleService-Info.plist"; sourceTree = "<group>"; };
		31DD520B1E38D57900DB9ABC /* AuthenticatedUserVC.swift */ = {isa = PBXFileReference; fileEncoding = 4; lastKnownFileType = sourcecode.swift; path = AuthenticatedUserVC.swift; sourceTree = "<group>"; };
		31DD52121E39028400DB9ABC /* AuthenticatedUserMainView.swift */ = {isa = PBXFileReference; fileEncoding = 4; lastKnownFileType = sourcecode.swift; path = AuthenticatedUserMainView.swift; sourceTree = "<group>"; };
		31E58F511E37AD7F00CE4FE1 /* CafeTime.app */ = {isa = PBXFileReference; explicitFileType = wrapper.application; includeInIndex = 0; path = CafeTime.app; sourceTree = BUILT_PRODUCTS_DIR; };
		31E58F541E37AD7F00CE4FE1 /* AppDelegate.swift */ = {isa = PBXFileReference; lastKnownFileType = sourcecode.swift; path = AppDelegate.swift; sourceTree = "<group>"; };
		31E58F5B1E37AD7F00CE4FE1 /* Assets.xcassets */ = {isa = PBXFileReference; lastKnownFileType = folder.assetcatalog; path = Assets.xcassets; sourceTree = "<group>"; };
		31E58F5E1E37AD7F00CE4FE1 /* Base */ = {isa = PBXFileReference; lastKnownFileType = file.storyboard; name = Base; path = Base.lproj/LaunchScreen.storyboard; sourceTree = "<group>"; };
		31E58F601E37AD7F00CE4FE1 /* Info.plist */ = {isa = PBXFileReference; lastKnownFileType = text.plist.xml; path = Info.plist; sourceTree = "<group>"; };
		515D5B5F3D01EBF94D0AD4B7 /* Pods-CafeTime.debug.xcconfig */ = {isa = PBXFileReference; includeInIndex = 1; lastKnownFileType = text.xcconfig; name = "Pods-CafeTime.debug.xcconfig"; path = "Pods/Target Support Files/Pods-CafeTime/Pods-CafeTime.debug.xcconfig"; sourceTree = "<group>"; };
		9966EFA39FE32F5A39F934B5 /* Pods-CafeTime.release.xcconfig */ = {isa = PBXFileReference; includeInIndex = 1; lastKnownFileType = text.xcconfig; name = "Pods-CafeTime.release.xcconfig"; path = "Pods/Target Support Files/Pods-CafeTime/Pods-CafeTime.release.xcconfig"; sourceTree = "<group>"; };
		B8671B14F3C79AA070C08630 /* Pods_CafeTime.framework */ = {isa = PBXFileReference; explicitFileType = wrapper.framework; includeInIndex = 0; path = Pods_CafeTime.framework; sourceTree = BUILT_PRODUCTS_DIR; };
/* End PBXFileReference section */

/* Begin PBXFrameworksBuildPhase section */
		31E58F4E1E37AD7F00CE4FE1 /* Frameworks */ = {
			isa = PBXFrameworksBuildPhase;
			buildActionMask = 2147483647;
			files = (
				424645EE134AA51B61D0F3FA /* Pods_CafeTime.framework in Frameworks */,
			);
			runOnlyForDeploymentPostprocessing = 0;
		};
/* End PBXFrameworksBuildPhase section */

/* Begin PBXGroup section */
		27E50FCC660E694598A002AD /* Frameworks */ = {
			isa = PBXGroup;
			children = (
				B8671B14F3C79AA070C08630 /* Pods_CafeTime.framework */,
			);
			name = Frameworks;
			sourceTree = "<group>";
		};
		31DD52081E38B05900DB9ABC /* SignUp VC */ = {
			isa = PBXGroup;
			children = (
				31CC00971E38A03900F68A31 /* LoginAndSignUpVC.swift */,
				31DD52061E38B05500DB9ABC /* LoginAndSignUpMainView.swift */,
			);
			name = "SignUp VC";
			sourceTree = "<group>";
		};
		31DD52141E39028900DB9ABC /* Authenticated User */ = {
			isa = PBXGroup;
			children = (
				31DD520B1E38D57900DB9ABC /* AuthenticatedUserVC.swift */,
				31DD52121E39028400DB9ABC /* AuthenticatedUserMainView.swift */,
			);
			name = "Authenticated User";
			sourceTree = "<group>";
		};
		31E58F481E37AD7F00CE4FE1 = {
			isa = PBXGroup;
			children = (
				31E58F531E37AD7F00CE4FE1 /* CafeTime */,
				31E58F521E37AD7F00CE4FE1 /* Products */,
				7275669F55AF6A70F394C50A /* Pods */,
				27E50FCC660E694598A002AD /* Frameworks */,
			);
			sourceTree = "<group>";
		};
		31E58F521E37AD7F00CE4FE1 /* Products */ = {
			isa = PBXGroup;
			children = (
				31E58F511E37AD7F00CE4FE1 /* CafeTime.app */,
			);
			name = Products;
			sourceTree = "<group>";
		};
		31E58F531E37AD7F00CE4FE1 /* CafeTime */ = {
			isa = PBXGroup;
			children = (
				31DD52081E38B05900DB9ABC /* SignUp VC */,
				31DD52141E39028900DB9ABC /* Authenticated User */,
				31E58F661E37ADE200CE4FE1 /* Supporting Files */,
			);
			path = CafeTime;
			sourceTree = "<group>";
		};
		31E58F661E37ADE200CE4FE1 /* Supporting Files */ = {
			isa = PBXGroup;
			children = (
				31E58F541E37AD7F00CE4FE1 /* AppDelegate.swift */,
				31E58F5B1E37AD7F00CE4FE1 /* Assets.xcassets */,
				31E58F5D1E37AD7F00CE4FE1 /* LaunchScreen.storyboard */,
				31E58F601E37AD7F00CE4FE1 /* Info.plist */,
				31DD52091E38D4B600DB9ABC /* GoogleService-Info.plist */,
			);
			name = "Supporting Files";
			sourceTree = "<group>";
		};
		7275669F55AF6A70F394C50A /* Pods */ = {
			isa = PBXGroup;
			children = (
				515D5B5F3D01EBF94D0AD4B7 /* Pods-CafeTime.debug.xcconfig */,
				9966EFA39FE32F5A39F934B5 /* Pods-CafeTime.release.xcconfig */,
			);
			name = Pods;
			sourceTree = "<group>";
		};
/* End PBXGroup section */

/* Begin PBXNativeTarget section */
		31E58F501E37AD7F00CE4FE1 /* CafeTime */ = {
			isa = PBXNativeTarget;
			buildConfigurationList = 31E58F631E37AD7F00CE4FE1 /* Build configuration list for PBXNativeTarget "CafeTime" */;
			buildPhases = (
				DDAC69A5BE5F261B8889DDFE /* [CP] Check Pods Manifest.lock */,
				31E58F4D1E37AD7F00CE4FE1 /* Sources */,
				31E58F4E1E37AD7F00CE4FE1 /* Frameworks */,
				31E58F4F1E37AD7F00CE4FE1 /* Resources */,
				F42BB3D55810CE2580748990 /* [CP] Embed Pods Frameworks */,
				5545555939F347382193C309 /* [CP] Copy Pods Resources */,
			);
			buildRules = (
			);
			dependencies = (
			);
			name = CafeTime;
			productName = CafeTime;
			productReference = 31E58F511E37AD7F00CE4FE1 /* CafeTime.app */;
			productType = "com.apple.product-type.application";
		};
/* End PBXNativeTarget section */

/* Begin PBXProject section */
		31E58F491E37AD7F00CE4FE1 /* Project object */ = {
			isa = PBXProject;
			attributes = {
				LastSwiftUpdateCheck = 0820;
				LastUpgradeCheck = 0820;
				ORGANIZATIONNAME = "Vladysalv Vyshnevksyy";
				TargetAttributes = {
					31E58F501E37AD7F00CE4FE1 = {
						CreatedOnToolsVersion = 8.2.1;
						DevelopmentTeam = 5HYBF2ZF8V;
						ProvisioningStyle = Automatic;
					};
				};
			};
			buildConfigurationList = 31E58F4C1E37AD7F00CE4FE1 /* Build configuration list for PBXProject "CafeTime" */;
			compatibilityVersion = "Xcode 3.2";
			developmentRegion = English;
			hasScannedForEncodings = 0;
			knownRegions = (
				en,
				Base,
			);
			mainGroup = 31E58F481E37AD7F00CE4FE1;
			productRefGroup = 31E58F521E37AD7F00CE4FE1 /* Products */;
			projectDirPath = "";
			projectRoot = "";
			targets = (
				31E58F501E37AD7F00CE4FE1 /* CafeTime */,
			);
		};
/* End PBXProject section */

/* Begin PBXResourcesBuildPhase section */
		31E58F4F1E37AD7F00CE4FE1 /* Resources */ = {
			isa = PBXResourcesBuildPhase;
			buildActionMask = 2147483647;
			files = (
				31E58F5F1E37AD7F00CE4FE1 /* LaunchScreen.storyboard in Resources */,
				31E58F5C1E37AD7F00CE4FE1 /* Assets.xcassets in Resources */,
				31DD520A1E38D4B600DB9ABC /* GoogleService-Info.plist in Resources */,
			);
			runOnlyForDeploymentPostprocessing = 0;
		};
/* End PBXResourcesBuildPhase section */

/* Begin PBXShellScriptBuildPhase section */
		5545555939F347382193C309 /* [CP] Copy Pods Resources */ = {
			isa = PBXShellScriptBuildPhase;
			buildActionMask = 2147483647;
			files = (
			);
			inputPaths = (
			);
			name = "[CP] Copy Pods Resources";
			outputPaths = (
			);
			runOnlyForDeploymentPostprocessing = 0;
			shellPath = /bin/sh;
			shellScript = "\"${SRCROOT}/Pods/Target Support Files/Pods-CafeTime/Pods-CafeTime-resources.sh\"\n";
			showEnvVarsInLog = 0;
		};
		DDAC69A5BE5F261B8889DDFE /* [CP] Check Pods Manifest.lock */ = {
			isa = PBXShellScriptBuildPhase;
			buildActionMask = 2147483647;
			files = (
			);
			inputPaths = (
			);
			name = "[CP] Check Pods Manifest.lock";
			outputPaths = (
			);
			runOnlyForDeploymentPostprocessing = 0;
			shellPath = /bin/sh;
			shellScript = "diff \"${PODS_ROOT}/../Podfile.lock\" \"${PODS_ROOT}/Manifest.lock\" > /dev/null\nif [ $? != 0 ] ; then\n    # print error to STDERR\n    echo \"error: The sandbox is not in sync with the Podfile.lock. Run 'pod install' or update your CocoaPods installation.\" >&2\n    exit 1\nfi\n";
			showEnvVarsInLog = 0;
		};
		F42BB3D55810CE2580748990 /* [CP] Embed Pods Frameworks */ = {
			isa = PBXShellScriptBuildPhase;
			buildActionMask = 2147483647;
			files = (
			);
			inputPaths = (
			);
			name = "[CP] Embed Pods Frameworks";
			outputPaths = (
			);
			runOnlyForDeploymentPostprocessing = 0;
			shellPath = /bin/sh;
			shellScript = "\"${SRCROOT}/Pods/Target Support Files/Pods-CafeTime/Pods-CafeTime-frameworks.sh\"\n";
			showEnvVarsInLog = 0;
		};
/* End PBXShellScriptBuildPhase section */

/* Begin PBXSourcesBuildPhase section */
		31E58F4D1E37AD7F00CE4FE1 /* Sources */ = {
			isa = PBXSourcesBuildPhase;
			buildActionMask = 2147483647;
			files = (
				31E58F551E37AD7F00CE4FE1 /* AppDelegate.swift in Sources */,
				31DD52131E39028400DB9ABC /* AuthenticatedUserMainView.swift in Sources */,
				31CC00981E38A03900F68A31 /* LoginAndSignUpVC.swift in Sources */,
				31DD52071E38B05500DB9ABC /* LoginAndSignUpMainView.swift in Sources */,
				31DD520C1E38D57900DB9ABC /* AuthenticatedUserVC.swift in Sources */,
			);
			runOnlyForDeploymentPostprocessing = 0;
		};
/* End PBXSourcesBuildPhase section */

/* Begin PBXVariantGroup section */
		31E58F5D1E37AD7F00CE4FE1 /* LaunchScreen.storyboard */ = {
			isa = PBXVariantGroup;
			children = (
				31E58F5E1E37AD7F00CE4FE1 /* Base */,
			);
			name = LaunchScreen.storyboard;
			sourceTree = "<group>";
		};
/* End PBXVariantGroup section */

/* Begin XCBuildConfiguration section */
		31E58F611E37AD7F00CE4FE1 /* Debug */ = {
			isa = XCBuildConfiguration;
			buildSettings = {
				ALWAYS_SEARCH_USER_PATHS = NO;
				CLANG_ANALYZER_NONNULL = YES;
				CLANG_CXX_LANGUAGE_STANDARD = "gnu++0x";
				CLANG_CXX_LIBRARY = "libc++";
				CLANG_ENABLE_MODULES = YES;
				CLANG_ENABLE_OBJC_ARC = YES;
				CLANG_WARN_BOOL_CONVERSION = YES;
				CLANG_WARN_CONSTANT_CONVERSION = YES;
				CLANG_WARN_DIRECT_OBJC_ISA_USAGE = YES_ERROR;
				CLANG_WARN_DOCUMENTATION_COMMENTS = YES;
				CLANG_WARN_EMPTY_BODY = YES;
				CLANG_WARN_ENUM_CONVERSION = YES;
				CLANG_WARN_INFINITE_RECURSION = YES;
				CLANG_WARN_INT_CONVERSION = YES;
				CLANG_WARN_OBJC_ROOT_CLASS = YES_ERROR;
				CLANG_WARN_SUSPICIOUS_MOVE = YES;
				CLANG_WARN_UNREACHABLE_CODE = YES;
				CLANG_WARN__DUPLICATE_METHOD_MATCH = YES;
				"CODE_SIGN_IDENTITY[sdk=iphoneos*]" = "iPhone Developer";
				COPY_PHASE_STRIP = NO;
				DEBUG_INFORMATION_FORMAT = dwarf;
				ENABLE_STRICT_OBJC_MSGSEND = YES;
				ENABLE_TESTABILITY = YES;
				GCC_C_LANGUAGE_STANDARD = gnu99;
				GCC_DYNAMIC_NO_PIC = NO;
				GCC_NO_COMMON_BLOCKS = YES;
				GCC_OPTIMIZATION_LEVEL = 0;
				GCC_PREPROCESSOR_DEFINITIONS = (
					"DEBUG=1",
					"$(inherited)",
				);
				GCC_WARN_64_TO_32_BIT_CONVERSION = YES;
				GCC_WARN_ABOUT_RETURN_TYPE = YES_ERROR;
				GCC_WARN_UNDECLARED_SELECTOR = YES;
				GCC_WARN_UNINITIALIZED_AUTOS = YES_AGGRESSIVE;
				GCC_WARN_UNUSED_FUNCTION = YES;
				GCC_WARN_UNUSED_VARIABLE = YES;
				IPHONEOS_DEPLOYMENT_TARGET = 10.2;
				MTL_ENABLE_DEBUG_INFO = YES;
				ONLY_ACTIVE_ARCH = YES;
				SDKROOT = iphoneos;
				SWIFT_ACTIVE_COMPILATION_CONDITIONS = DEBUG;
				SWIFT_OPTIMIZATION_LEVEL = "-Onone";
				TARGETED_DEVICE_FAMILY = "1,2";
			};
			name = Debug;
		};
		31E58F621E37AD7F00CE4FE1 /* Release */ = {
			isa = XCBuildConfiguration;
			buildSettings = {
				ALWAYS_SEARCH_USER_PATHS = NO;
				CLANG_ANALYZER_NONNULL = YES;
				CLANG_CXX_LANGUAGE_STANDARD = "gnu++0x";
				CLANG_CXX_LIBRARY = "libc++";
				CLANG_ENABLE_MODULES = YES;
				CLANG_ENABLE_OBJC_ARC = YES;
				CLANG_WARN_BOOL_CONVERSION = YES;
				CLANG_WARN_CONSTANT_CONVERSION = YES;
				CLANG_WARN_DIRECT_OBJC_ISA_USAGE = YES_ERROR;
				CLANG_WARN_DOCUMENTATION_COMMENTS = YES;
				CLANG_WARN_EMPTY_BODY = YES;
				CLANG_WARN_ENUM_CONVERSION = YES;
				CLANG_WARN_INFINITE_RECURSION = YES;
				CLANG_WARN_INT_CONVERSION = YES;
				CLANG_WARN_OBJC_ROOT_CLASS = YES_ERROR;
				CLANG_WARN_SUSPICIOUS_MOVE = YES;
				CLANG_WARN_UNREACHABLE_CODE = YES;
				CLANG_WARN__DUPLICATE_METHOD_MATCH = YES;
				"CODE_SIGN_IDENTITY[sdk=iphoneos*]" = "iPhone Developer";
				COPY_PHASE_STRIP = NO;
				DEBUG_INFORMATION_FORMAT = "dwarf-with-dsym";
				ENABLE_NS_ASSERTIONS = NO;
				ENABLE_STRICT_OBJC_MSGSEND = YES;
				GCC_C_LANGUAGE_STANDARD = gnu99;
				GCC_NO_COMMON_BLOCKS = YES;
				GCC_WARN_64_TO_32_BIT_CONVERSION = YES;
				GCC_WARN_ABOUT_RETURN_TYPE = YES_ERROR;
				GCC_WARN_UNDECLARED_SELECTOR = YES;
				GCC_WARN_UNINITIALIZED_AUTOS = YES_AGGRESSIVE;
				GCC_WARN_UNUSED_FUNCTION = YES;
				GCC_WARN_UNUSED_VARIABLE = YES;
				IPHONEOS_DEPLOYMENT_TARGET = 10.2;
				MTL_ENABLE_DEBUG_INFO = NO;
				SDKROOT = iphoneos;
				SWIFT_OPTIMIZATION_LEVEL = "-Owholemodule";
				TARGETED_DEVICE_FAMILY = "1,2";
				VALIDATE_PRODUCT = YES;
			};
			name = Release;
		};
		31E58F641E37AD7F00CE4FE1 /* Debug */ = {
			isa = XCBuildConfiguration;
			baseConfigurationReference = 515D5B5F3D01EBF94D0AD4B7 /* Pods-CafeTime.debug.xcconfig */;
			buildSettings = {
				ASSETCATALOG_COMPILER_APPICON_NAME = AppIcon;
				DEVELOPMENT_TEAM = 5HYBF2ZF8V;
				INFOPLIST_FILE = CafeTime/Info.plist;
				LD_RUNPATH_SEARCH_PATHS = "$(inherited) @executable_path/Frameworks";
				PRODUCT_BUNDLE_IDENTIFIER = com.VV.CafeTime;
				PRODUCT_NAME = "$(TARGET_NAME)";
				SWIFT_VERSION = 3.0;
			};
			name = Debug;
		};
		31E58F651E37AD7F00CE4FE1 /* Release */ = {
			isa = XCBuildConfiguration;
			baseConfigurationReference = 9966EFA39FE32F5A39F934B5 /* Pods-CafeTime.release.xcconfig */;
			buildSettings = {
				ASSETCATALOG_COMPILER_APPICON_NAME = AppIcon;
				DEVELOPMENT_TEAM = 5HYBF2ZF8V;
				INFOPLIST_FILE = CafeTime/Info.plist;
				LD_RUNPATH_SEARCH_PATHS = "$(inherited) @executable_path/Frameworks";
				PRODUCT_BUNDLE_IDENTIFIER = com.VV.CafeTime;
				PRODUCT_NAME = "$(TARGET_NAME)";
				SWIFT_VERSION = 3.0;
			};
			name = Release;
		};
/* End XCBuildConfiguration section */

/* Begin XCConfigurationList section */
		31E58F4C1E37AD7F00CE4FE1 /* Build configuration list for PBXProject "CafeTime" */ = {
			isa = XCConfigurationList;
			buildConfigurations = (
				31E58F611E37AD7F00CE4FE1 /* Debug */,
				31E58F621E37AD7F00CE4FE1 /* Release */,
			);
			defaultConfigurationIsVisible = 0;
			defaultConfigurationName = Release;
		};
		31E58F631E37AD7F00CE4FE1 /* Build configuration list for PBXNativeTarget "CafeTime" */ = {
			isa = XCConfigurationList;
			buildConfigurations = (
				31E58F641E37AD7F00CE4FE1 /* Debug */,
				31E58F651E37AD7F00CE4FE1 /* Release */,
			);
			defaultConfigurationIsVisible = 0;
			defaultConfigurationName = Release;
		};
/* End XCConfigurationList section */
	};
	rootObject = 31E58F491E37AD7F00CE4FE1 /* Project object */;
}
